{
  "name": "@ymainier/scrappy",
  "version": "1.0.0",
  "lockfileVersion": 2,
  "requires": true,
  "packages": {
    "": {
      "name": "@ymainier/scrappy",
      "version": "1.0.0",
      "license": "ISC",
      "dependencies": {
        "@ctrl/video-filename-parser": "^4.11.1",
        "moviedb-promise": "^3.3.1"
      },
      "bin": {
        "scrappy": "dist/index.js"
      },
      "devDependencies": {
        "@types/node": "^18.11.16",
        "typescript": "^4.9.4"
      }
    },
    "node_modules/@ctrl/video-filename-parser": {
      "version": "4.11.1",
      "resolved": "https://registry.npmjs.org/@ctrl/video-filename-parser/-/video-filename-parser-4.11.1.tgz",
      "integrity": "sha512-V4frqPAB1jpy+Sfx9J/VvMD8GUFusJzUbC/zPq3nHua5IttMVIc3zR/EUSQ0RfQCtqAH4OqFMWc5ciBcaJCCog==",
      "engines": {
        "node": ">=14"
      }
    },
    "node_modules/@types/node": {
      "version": "18.11.16",
      "resolved": "https://registry.npmjs.org/@types/node/-/node-18.11.16.tgz",
      "integrity": "sha512-6T7P5bDkRhqRxrQtwj7vru+bWTpelgtcETAZEUSdq0YISKz8WKdoBukQLYQQ6DFHvU9JRsbFq0JH5C51X2ZdnA==",
      "dev": true
    },
    "node_modules/axios": {
      "version": "0.26.1",
      "resolved": "https://registry.npmjs.org/axios/-/axios-0.26.1.tgz",
      "integrity": "sha512-fPwcX4EvnSHuInCMItEhAGnaSEXRBjtzh9fOtsE6E1G6p7vl7edEeZe11QHf18+6+9gR5PbKV/sGKNaD8YaMeA==",
      "dependencies": {
        "follow-redirects": "^1.14.8"
      }
    },
    "node_modules/follow-redirects": {
      "version": "1.15.2",
      "resolved": "https://registry.npmjs.org/follow-redirects/-/follow-redirects-1.15.2.tgz",
      "integrity": "sha512-VQLG33o04KaQ8uYi2tVNbdrWp1QWxNNea+nmIB4EVM28v0hmP17z7aG1+wAkNzVq4KeXTq3221ye5qTJP91JwA==",
      "funding": [
        {
          "type": "individual",
          "url": "https://github.com/sponsors/RubenVerborgh"
        }
      ],
      "engines": {
        "node": ">=4.0"
      },
      "peerDependenciesMeta": {
        "debug": {
          "optional": true
        }
      }
    },
    "node_modules/lodash": {
      "version": "4.17.21",
      "resolved": "https://registry.npmjs.org/lodash/-/lodash-4.17.21.tgz",
      "integrity": "sha512-v2kDEe57lecTulaDIuNTPy3Ry4gLGJ6Z1O3vE1krgXZNrsQ+LFTGHVxVjcXPs17LhbZVGedAJv8XZ1tvj5FvSg=="
    },
    "node_modules/moviedb-promise": {
      "version": "3.3.1",
      "resolved": "https://registry.npmjs.org/moviedb-promise/-/moviedb-promise-3.3.1.tgz",
      "integrity": "sha512-l1J+5s5V5sTBZ7nJsiFCyScFVrV3UTQgxqT0gHJlUk49FAxWBPwIaMopGqRieYh3+3zjWSG2wWxCFZhSBTnnuQ==",
      "dependencies": {
        "axios": "^0.26.1",
        "lodash": "^4.17.21"
      }
    },
    "node_modules/typescript": {
      "version": "4.9.4",
      "resolved": "https://registry.npmjs.org/typescript/-/typescript-4.9.4.tgz",
      "integrity": "sha512-Uz+dTXYzxXXbsFpM86Wh3dKCxrQqUcVMxwU54orwlJjOpO3ao8L7j5lH+dWfTwgCwIuM9GQ2kvVotzYJMXTBZg==",
      "dev": true,
      "bin": {
        "tsc": "bin/tsc",
        "tsserver": "bin/tsserver"
      },
      "engines": {
        "node": ">=4.2.0"
      }
    }
  },
  "dependencies": {
    "@ctrl/video-filename-parser": {
      "version": "4.11.1",
      "resolved": "https://registry.npmjs.org/@ctrl/video-filename-parser/-/video-filename-parser-4.11.1.tgz",
      "integrity": "sha512-V4frqPAB1jpy+Sfx9J/VvMD8GUFusJzUbC/zPq3nHua5IttMVIc3zR/EUSQ0RfQCtqAH4OqFMWc5ciBcaJCCog=="
    },
    "@types/node": {
      "version": "18.11.16",
      "resolved": "https://registry.npmjs.org/@types/node/-/node-18.11.16.tgz",
      "integrity": "sha512-6T7P5bDkRhqRxrQtwj7vru+bWTpelgtcETAZEUSdq0YISKz8WKdoBukQLYQQ6DFHvU9JRsbFq0JH5C51X2ZdnA==",
      "dev": true
    },
    "axios": {
      "version": "0.26.1",
      "resolved": "https://registry.npmjs.org/axios/-/axios-0.26.1.tgz",
      "integrity": "sha512-fPwcX4EvnSHuInCMItEhAGnaSEXRBjtzh9fOtsE6E1G6p7vl7edEeZe11QHf18+6+9gR5PbKV/sGKNaD8YaMeA==",
      "requires": {
        "follow-redirects": "^1.14.8"
      }
    },
    "follow-redirects": {
      "version": "1.15.2",
      "resolved": "https://registry.npmjs.org/follow-redirects/-/follow-redirects-1.15.2.tgz",
      "integrity": "sha512-VQLG33o04KaQ8uYi2tVNbdrWp1QWxNNea+nmIB4EVM28v0hmP17z7aG1+wAkNzVq4KeXTq3221ye5qTJP91JwA=="
    },
    "lodash": {
      "version": "4.17.21",
      "resolved": "https://registry.npmjs.org/lodash/-/lodash-4.17.21.tgz",
      "integrity": "sha512-v2kDEe57lecTulaDIuNTPy3Ry4gLGJ6Z1O3vE1krgXZNrsQ+LFTGHVxVjcXPs17LhbZVGedAJv8XZ1tvj5FvSg=="
    },
    "moviedb-promise": {
      "version": "3.3.1",
      "resolved": "https://registry.npmjs.org/moviedb-promise/-/moviedb-promise-3.3.1.tgz",
      "integrity": "sha512-l1J+5s5V5sTBZ7nJsiFCyScFVrV3UTQgxqT0gHJlUk49FAxWBPwIaMopGqRieYh3+3zjWSG2wWxCFZhSBTnnuQ==",
      "requires": {
        "axios": "^0.26.1",
        "lodash": "^4.17.21"
      }
    },
    "typescript": {
      "version": "4.9.4",
      "resolved": "https://registry.npmjs.org/typescript/-/typescript-4.9.4.tgz",
      "integrity": "sha512-Uz+dTXYzxXXbsFpM86Wh3dKCxrQqUcVMxwU54orwlJjOpO3ao8L7j5lH+dWfTwgCwIuM9GQ2kvVotzYJMXTBZg==",
      "dev": true
    }
  }
}
